
Microsoft Visual Studio Solution File, Format Version 12.00
# Visual Studio Version 17
VisualStudioVersion = 17.5.33530.505
MinimumVisualStudioVersion = 10.0.40219.1
Project("{FAE04EC0-301F-11D3-BF4B-00C04F79EFBC}") = "SpendManagement.Identity.API", "SpendManagement.Identity.API\SpendManagement.Identity.API.csproj", "{21C2FA28-9CFE-47A7-81EB-1C2B32C90650}"
EndProject
Project("{FAE04EC0-301F-11D3-BF4B-00C04F79EFBC}") = "SpendManagement.Identity.Application", "SpendManagement.Identity.Application\SpendManagement.Identity.Application.csproj", "{95437926-ACB6-46C6-9051-6266E31F6E26}"
EndProject
Project("{FAE04EC0-301F-11D3-BF4B-00C04F79EFBC}") = "SpendManagement.Identity.Data", "SpendManagement.Identity.Data\SpendManagement.Identity.Data.csproj", "{1AF6F3D7-7993-4724-BA17-770F1E6BF24E}"
EndProject
Project("{FAE04EC0-301F-11D3-BF4B-00C04F79EFBC}") = "SpendManagement.Identity.IoC", "SpendManagement.Identity.IoC\SpendManagement.Identity.IoC.csproj", "{9831E700-174E-4FAD-97C5-959F3A36D7EC}"
EndProject
Global
	GlobalSection(SolutionConfigurationPlatforms) = preSolution
		Debug|Any CPU = Debug|Any CPU
		Release|Any CPU = Release|Any CPU
	EndGlobalSection
	GlobalSection(ProjectConfigurationPlatforms) = postSolution
		{21C2FA28-9CFE-47A7-81EB-1C2B32C90650}.Debug|Any CPU.ActiveCfg = Debug|Any CPU
		{21C2FA28-9CFE-47A7-81EB-1C2B32C90650}.Debug|Any CPU.Build.0 = Debug|Any CPU
		{21C2FA28-9CFE-47A7-81EB-1C2B32C90650}.Release|Any CPU.ActiveCfg = Release|Any CPU
		{21C2FA28-9CFE-47A7-81EB-1C2B32C90650}.Release|Any CPU.Build.0 = Release|Any CPU
		{95437926-ACB6-46C6-9051-6266E31F6E26}.Debug|Any CPU.ActiveCfg = Debug|Any CPU
		{95437926-ACB6-46C6-9051-6266E31F6E26}.Debug|Any CPU.Build.0 = Debug|Any CPU
		{95437926-ACB6-46C6-9051-6266E31F6E26}.Release|Any CPU.ActiveCfg = Release|Any CPU
		{95437926-ACB6-46C6-9051-6266E31F6E26}.Release|Any CPU.Build.0 = Release|Any CPU
		{1AF6F3D7-7993-4724-BA17-770F1E6BF24E}.Debug|Any CPU.ActiveCfg = Debug|Any CPU
		{1AF6F3D7-7993-4724-BA17-770F1E6BF24E}.Debug|Any CPU.Build.0 = Debug|Any CPU
		{1AF6F3D7-7993-4724-BA17-770F1E6BF24E}.Release|Any CPU.ActiveCfg = Release|Any CPU
		{1AF6F3D7-7993-4724-BA17-770F1E6BF24E}.Release|Any CPU.Build.0 = Release|Any CPU
		{9831E700-174E-4FAD-97C5-959F3A36D7EC}.Debug|Any CPU.ActiveCfg = Debug|Any CPU
		{9831E700-174E-4FAD-97C5-959F3A36D7EC}.Debug|Any CPU.Build.0 = Debug|Any CPU
		{9831E700-174E-4FAD-97C5-959F3A36D7EC}.Release|Any CPU.ActiveCfg = Release|Any CPU
		{9831E700-174E-4FAD-97C5-959F3A36D7EC}.Release|Any CPU.Build.0 = Release|Any CPU
	EndGlobalSection
	GlobalSection(SolutionProperties) = preSolution
		HideSolutionNode = FALSE
	EndGlobalSection
	GlobalSection(ExtensibilityGlobals) = postSolution
		SolutionGuid = {32A3992F-1CAC-437B-9E9F-998C317F38BA}
	EndGlobalSection
EndGlobal
